
Microsoft Visual Studio Solution File, Format Version 12.00
# Visual Studio 15
VisualStudioVersion = 15.0.28307.1321
MinimumVisualStudioVersion = 10.0.40219.1
Project("{FAE04EC0-301F-11D3-BF4B-00C04F79EFBC}") = "AgentProto", "AgentProto\AgentProto.csproj", "{591FFB73-AE52-4400-A25F-A63840DF1B9B}"
EndProject
Project("{FAE04EC0-301F-11D3-BF4B-00C04F79EFBC}") = "Agent", "Agent\Agent.csproj", "{05CD33AE-F8D3-4DE6-B8D4-EB62907A0E37}"
EndProject
Project("{FAE04EC0-301F-11D3-BF4B-00C04F79EFBC}") = "Hub", "Hub\Hub.csproj", "{EA526F00-189C-4D4E-8FC9-5E4730EA20D5}"
EndProject
Global
	GlobalSection(SolutionConfigurationPlatforms) = preSolution
		Debug|Any CPU = Debug|Any CPU
		Release|Any CPU = Release|Any CPU
	EndGlobalSection
	GlobalSection(ProjectConfigurationPlatforms) = postSolution
		{591FFB73-AE52-4400-A25F-A63840DF1B9B}.Debug|Any CPU.ActiveCfg = Debug|Any CPU
		{591FFB73-AE52-4400-A25F-A63840DF1B9B}.Debug|Any CPU.Build.0 = Debug|Any CPU
		{591FFB73-AE52-4400-A25F-A63840DF1B9B}.Release|Any CPU.ActiveCfg = Release|Any CPU
		{591FFB73-AE52-4400-A25F-A63840DF1B9B}.Release|Any CPU.Build.0 = Release|Any CPU
		{05CD33AE-F8D3-4DE6-B8D4-EB62907A0E37}.Debug|Any CPU.ActiveCfg = Debug|Any CPU
		{05CD33AE-F8D3-4DE6-B8D4-EB62907A0E37}.Debug|Any CPU.Build.0 = Debug|Any CPU
		{05CD33AE-F8D3-4DE6-B8D4-EB62907A0E37}.Release|Any CPU.ActiveCfg = Release|Any CPU
		{05CD33AE-F8D3-4DE6-B8D4-EB62907A0E37}.Release|Any CPU.Build.0 = Release|Any CPU
		{EA526F00-189C-4D4E-8FC9-5E4730EA20D5}.Debug|Any CPU.ActiveCfg = Debug|Any CPU
		{EA526F00-189C-4D4E-8FC9-5E4730EA20D5}.Debug|Any CPU.Build.0 = Debug|Any CPU
		{EA526F00-189C-4D4E-8FC9-5E4730EA20D5}.Release|Any CPU.ActiveCfg = Release|Any CPU
		{EA526F00-189C-4D4E-8FC9-5E4730EA20D5}.Release|Any CPU.Build.0 = Release|Any CPU
	EndGlobalSection
	GlobalSection(SolutionProperties) = preSolution
		HideSolutionNode = FALSE
	EndGlobalSection
	GlobalSection(ExtensibilityGlobals) = postSolution
		SolutionGuid = {F5EA90AD-C807-4372-AA0A-D959089D1F7A}
	EndGlobalSection
EndGlobal
